Microsoft Visual Studio Solution File, Format Version 12.00
# Visual Studio Version 17
VisualStudioVersion = 17.0.31903.59
MinimumVisualStudioVersion = 10.0.40219.1
Project("{2150E333-8FDC-42A3-9474-1A3956D46DE8}") = "AzureServiceBus", "AzureServiceBus", "{C63E79D9-DDE4-4CF0-A7CE-CFD20ED39C05}"
EndProject
Project("{2150E333-8FDC-42A3-9474-1A3956D46DE8}") = "AzureRedis", "AzureRedis", "{D1302A04-982A-47C8-A066-410105A9D869}"
EndProject
Project("{2150E333-8FDC-42A3-9474-1A3956D46DE8}") = "Src", "Src", "{C7D5198C-4507-454B-9B97-13D7E94FA0FC}"
EndProject
Project("{2150E333-8FDC-42A3-9474-1A3956D46DE8}") = "Test", "Test", "{483D4030-B71A-4753-9B94-EDEC9EB2BC71}"
EndProject
Project("{2150E333-8FDC-42A3-9474-1A3956D46DE8}") = "Src", "Src", "{A0EE3FE8-EC68-4565-A9E8-ADEF8557A372}"
EndProject
Project("{2150E333-8FDC-42A3-9474-1A3956D46DE8}") = "Test", "Test", "{C6B1EF69-FCF5-474D-8FDC-BE3151713337}"
EndProject
Project("{FAE04EC0-301F-11D3-BF4B-00C04F79EFBC}") = "AZRedis.Application", "AzureRedis\AZRedis.Application\AZRedis.Application.csproj", "{325B441D-0F07-4A84-85CC-5E62F087496D}"
EndProject
Project("{FAE04EC0-301F-11D3-BF4B-00C04F79EFBC}") = "AZRedis.Infrastructure", "AzureRedis\AZRedis.Infrastructure\AZRedis.Infrastructure.csproj", "{7750EBA0-494A-4BB0-8E40-9DE499E2AABA}"
EndProject
Project("{FAE04EC0-301F-11D3-BF4B-00C04F79EFBC}") = "Commons", "Commons\Commons.csproj", "{33E788CB-A22A-4354-B8A3-4DE07EDD2F76}"
EndProject
Project("{FAE04EC0-301F-11D3-BF4B-00C04F79EFBC}") = "ServiceBus.Api", "AzureServiceBus\ServiceBus.Api\ServiceBus.Api.csproj", "{4264C5B9-1A8E-40D5-A95A-3D93343BAFB7}"
EndProject
Project("{FAE04EC0-301F-11D3-BF4B-00C04F79EFBC}") = "ServiceBus.Application", "AzureServiceBus\ServiceBus.Application\ServiceBus.Application.csproj", "{B1301EF3-0C18-423D-AB1E-02278B903281}"
EndProject
Project("{FAE04EC0-301F-11D3-BF4B-00C04F79EFBC}") = "ServiceBus.Infrastructure", "AzureServiceBus\ServiceBus.Infrastructure\ServiceBus.Infrastructure.csproj", "{304EEC2F-F286-4510-9DFC-4A9021A334D9}"
EndProject
Project("{FAE04EC0-301F-11D3-BF4B-00C04F79EFBC}") = "ServiceBus.Domain", "AzureServiceBus\ServiceBus.Domain\ServiceBus.Domain.csproj", "{E56A6C26-0E2F-41C2-BBA0-F7350CF54539}"
EndProject
Project("{FAE04EC0-301F-11D3-BF4B-00C04F79EFBC}") = "AZRedis.Domain", "AzureRedis\AZRedis.Domain\AZRedis.Domain.csproj", "{B8CF3AF7-E46D-49CD-B068-00BDE71A9D4F}"
EndProject
Project("{2150E333-8FDC-42A3-9474-1A3956D46DE8}") = "SolutionItems", "SolutionItems", "{6126EC92-A2A4-440A-89E4-51D78CC5944B}"
	ProjectSection(SolutionItems) = preProject
		NuGet.config = NuGet.config
		Directory.Packages.props = Directory.Packages.props
	EndProjectSection
EndProject
Project("{FAE04EC0-301F-11D3-BF4B-00C04F79EFBC}") = "AzureRedis.Api", "AzureRedis\AzureRedis.Api\AzureRedis.Api.csproj", "{89A73CE2-D072-4D2E-A85B-B6B62D539904}"
EndProject
Global
	GlobalSection(SolutionConfigurationPlatforms) = preSolution
		Debug|Any CPU = Debug|Any CPU
		Release|Any CPU = Release|Any CPU
	EndGlobalSection
	GlobalSection(ProjectConfigurationPlatforms) = postSolution
		{325B441D-0F07-4A84-85CC-5E62F087496D}.Debug|Any CPU.ActiveCfg = Debug|Any CPU
		{325B441D-0F07-4A84-85CC-5E62F087496D}.Debug|Any CPU.Build.0 = Debug|Any CPU
		{325B441D-0F07-4A84-85CC-5E62F087496D}.Release|Any CPU.ActiveCfg = Release|Any CPU
		{325B441D-0F07-4A84-85CC-5E62F087496D}.Release|Any CPU.Build.0 = Release|Any CPU
		{7750EBA0-494A-4BB0-8E40-9DE499E2AABA}.Debug|Any CPU.ActiveCfg = Debug|Any CPU
		{7750EBA0-494A-4BB0-8E40-9DE499E2AABA}.Debug|Any CPU.Build.0 = Debug|Any CPU
		{7750EBA0-494A-4BB0-8E40-9DE499E2AABA}.Release|Any CPU.ActiveCfg = Release|Any CPU
		{7750EBA0-494A-4BB0-8E40-9DE499E2AABA}.Release|Any CPU.Build.0 = Release|Any CPU
		{33E788CB-A22A-4354-B8A3-4DE07EDD2F76}.Debug|Any CPU.ActiveCfg = Debug|Any CPU
		{33E788CB-A22A-4354-B8A3-4DE07EDD2F76}.Debug|Any CPU.Build.0 = Debug|Any CPU
		{33E788CB-A22A-4354-B8A3-4DE07EDD2F76}.Release|Any CPU.ActiveCfg = Release|Any CPU
		{33E788CB-A22A-4354-B8A3-4DE07EDD2F76}.Release|Any CPU.Build.0 = Release|Any CPU
		{4264C5B9-1A8E-40D5-A95A-3D93343BAFB7}.Debug|Any CPU.ActiveCfg = Debug|Any CPU
		{4264C5B9-1A8E-40D5-A95A-3D93343BAFB7}.Debug|Any CPU.Build.0 = Debug|Any CPU
		{4264C5B9-1A8E-40D5-A95A-3D93343BAFB7}.Release|Any CPU.ActiveCfg = Release|Any CPU
		{4264C5B9-1A8E-40D5-A95A-3D93343BAFB7}.Release|Any CPU.Build.0 = Release|Any CPU
		{B1301EF3-0C18-423D-AB1E-02278B903281}.Debug|Any CPU.ActiveCfg = Debug|Any CPU
		{B1301EF3-0C18-423D-AB1E-02278B903281}.Debug|Any CPU.Build.0 = Debug|Any CPU
		{B1301EF3-0C18-423D-AB1E-02278B903281}.Release|Any CPU.ActiveCfg = Release|Any CPU
		{B1301EF3-0C18-423D-AB1E-02278B903281}.Release|Any CPU.Build.0 = Release|Any CPU
		{304EEC2F-F286-4510-9DFC-4A9021A334D9}.Debug|Any CPU.ActiveCfg = Debug|Any CPU
		{304EEC2F-F286-4510-9DFC-4A9021A334D9}.Debug|Any CPU.Build.0 = Debug|Any CPU
		{304EEC2F-F286-4510-9DFC-4A9021A334D9}.Release|Any CPU.ActiveCfg = Release|Any CPU
		{304EEC2F-F286-4510-9DFC-4A9021A334D9}.Release|Any CPU.Build.0 = Release|Any CPU
		{E56A6C26-0E2F-41C2-BBA0-F7350CF54539}.Debug|Any CPU.ActiveCfg = Debug|Any CPU
		{E56A6C26-0E2F-41C2-BBA0-F7350CF54539}.Debug|Any CPU.Build.0 = Debug|Any CPU
		{E56A6C26-0E2F-41C2-BBA0-F7350CF54539}.Release|Any CPU.ActiveCfg = Release|Any CPU
		{E56A6C26-0E2F-41C2-BBA0-F7350CF54539}.Release|Any CPU.Build.0 = Release|Any CPU
		{B8CF3AF7-E46D-49CD-B068-00BDE71A9D4F}.Debug|Any CPU.ActiveCfg = Debug|Any CPU
		{B8CF3AF7-E46D-49CD-B068-00BDE71A9D4F}.Debug|Any CPU.Build.0 = Debug|Any CPU
		{B8CF3AF7-E46D-49CD-B068-00BDE71A9D4F}.Release|Any CPU.ActiveCfg = Release|Any CPU
		{B8CF3AF7-E46D-49CD-B068-00BDE71A9D4F}.Release|Any CPU.Build.0 = Release|Any CPU
		{89A73CE2-D072-4D2E-A85B-B6B62D539904}.Debug|Any CPU.ActiveCfg = Debug|Any CPU
		{89A73CE2-D072-4D2E-A85B-B6B62D539904}.Debug|Any CPU.Build.0 = Debug|Any CPU
		{89A73CE2-D072-4D2E-A85B-B6B62D539904}.Release|Any CPU.ActiveCfg = Release|Any CPU
		{89A73CE2-D072-4D2E-A85B-B6B62D539904}.Release|Any CPU.Build.0 = Release|Any CPU
	EndGlobalSection
	GlobalSection(NestedProjects) = preSolution
		{C7D5198C-4507-454B-9B97-13D7E94FA0FC} = {D1302A04-982A-47C8-A066-410105A9D869}
		{483D4030-B71A-4753-9B94-EDEC9EB2BC71} = {D1302A04-982A-47C8-A066-410105A9D869}
		{A0EE3FE8-EC68-4565-A9E8-ADEF8557A372} = {C63E79D9-DDE4-4CF0-A7CE-CFD20ED39C05}
		{C6B1EF69-FCF5-474D-8FDC-BE3151713337} = {C63E79D9-DDE4-4CF0-A7CE-CFD20ED39C05}
		{325B441D-0F07-4A84-85CC-5E62F087496D} = {C7D5198C-4507-454B-9B97-13D7E94FA0FC}
		{7750EBA0-494A-4BB0-8E40-9DE499E2AABA} = {C7D5198C-4507-454B-9B97-13D7E94FA0FC}
		{4264C5B9-1A8E-40D5-A95A-3D93343BAFB7} = {A0EE3FE8-EC68-4565-A9E8-ADEF8557A372}
		{B1301EF3-0C18-423D-AB1E-02278B903281} = {A0EE3FE8-EC68-4565-A9E8-ADEF8557A372}
		{304EEC2F-F286-4510-9DFC-4A9021A334D9} = {A0EE3FE8-EC68-4565-A9E8-ADEF8557A372}
		{E56A6C26-0E2F-41C2-BBA0-F7350CF54539} = {A0EE3FE8-EC68-4565-A9E8-ADEF8557A372}
		{B8CF3AF7-E46D-49CD-B068-00BDE71A9D4F} = {C7D5198C-4507-454B-9B97-13D7E94FA0FC}
		{89A73CE2-D072-4D2E-A85B-B6B62D539904} = {C7D5198C-4507-454B-9B97-13D7E94FA0FC}
	EndGlobalSection
EndGlobal
